
Microsoft Visual Studio Solution File, Format Version 12.00
# Visual Studio Version 17
VisualStudioVersion = 17.8.34330.188
MinimumVisualStudioVersion = 10.0.40219.1
Project("{9A19103F-16F7-4668-BE54-9A1E7A4F7556}") = "SyncfusionBlazorGridEvents", "SyncfusionBlazorGridEvents\SyncfusionBlazorGridEvents.csproj", "{2923B781-6697-4D5D-9AD8-0DA6D1BD7C8F}"
EndProject
Project("{2150E333-8FDC-42A3-9474-1A3956D46DE8}") = "Solution Items", "Solution Items", "{11515D6F-4870-45CB-B2BE-10F137EC5556}"
	ProjectSection(SolutionItems) = preProject
		.gitignore = .gitignore
		README.md = README.md
	EndProjectSection
EndProject
Global
	GlobalSection(SolutionConfigurationPlatforms) = preSolution
		Debug|Any CPU = Debug|Any CPU
		Release|Any CPU = Release|Any CPU
	EndGlobalSection
	GlobalSection(ProjectConfigurationPlatforms) = postSolution
		{2923B781-6697-4D5D-9AD8-0DA6D1BD7C8F}.Debug|Any CPU.ActiveCfg = Debug|Any CPU
		{2923B781-6697-4D5D-9AD8-0DA6D1BD7C8F}.Debug|Any CPU.Build.0 = Debug|Any CPU
		{2923B781-6697-4D5D-9AD8-0DA6D1BD7C8F}.Release|Any CPU.ActiveCfg = Release|Any CPU
		{2923B781-6697-4D5D-9AD8-0DA6D1BD7C8F}.Release|Any CPU.Build.0 = Release|Any CPU
	EndGlobalSection
	GlobalSection(SolutionProperties) = preSolution
		HideSolutionNode = FALSE
	EndGlobalSection
	GlobalSection(ExtensibilityGlobals) = postSolution
		SolutionGuid = {45ED5B35-1C30-4214-8214-16C2DFBF3CDD}
	EndGlobalSection
EndGlobal
